
Microsoft Visual Studio Solution File, Format Version 12.00
# Visual Studio 15
VisualStudioVersion = 15.0.26430.14
MinimumVisualStudioVersion = 10.0.40219.1
Project("{FAE04EC0-301F-11D3-BF4B-00C04F79EFBC}") = "MineSweeper NEA Project", "MineSweeper NEA Project\MineSweeper NEA Project.csproj", "{0EAC06F1-550C-43C5-A302-885AA9BC41AA}"
EndProject
Global
	GlobalSection(SolutionConfigurationPlatforms) = preSolution
		Debug|Any CPU = Debug|Any CPU
		Release|Any CPU = Release|Any CPU
	EndGlobalSection
	GlobalSection(ProjectConfigurationPlatforms) = postSolution
		{0EAC06F1-550C-43C5-A302-885AA9BC41AA}.Debug|Any CPU.ActiveCfg = Debug|Any CPU
		{0EAC06F1-550C-43C5-A302-885AA9BC41AA}.Debug|Any CPU.Build.0 = Debug|Any CPU
		{0EAC06F1-550C-43C5-A302-885AA9BC41AA}.Release|Any CPU.ActiveCfg = Release|Any CPU
		{0EAC06F1-550C-43C5-A302-885AA9BC41AA}.Release|Any CPU.Build.0 = Release|Any CPU
	EndGlobalSection
	GlobalSection(SolutionProperties) = preSolution
		HideSolutionNode = FALSE
	EndGlobalSection
EndGlobal
